Microsoft Visual Studio Solution File, Format Version 12.00
# Visual Studio Version 17
VisualStudioVersion = 17.5.2.0
MinimumVisualStudioVersion = 10.0.40219.1
Project("{FAE04EC0-301F-11D3-BF4B-00C04F79EFBC}") = "ExampleTrig", "ExampleTrig.csproj", "{0CE1358F-C3FB-CD12-C93B-EEBBBBE3A9FC}"
EndProject
Global
	GlobalSection(SolutionConfigurationPlatforms) = preSolution
		Debug|Any CPU = Debug|Any CPU
		Release|Any CPU = Release|Any CPU
	EndGlobalSection
	GlobalSection(ProjectConfigurationPlatforms) = postSolution
		{0CE1358F-C3FB-CD12-C93B-EEBBBBE3A9FC}.Debug|Any CPU.ActiveCfg = Debug|Any CPU
		{0CE1358F-C3FB-CD12-C93B-EEBBBBE3A9FC}.Debug|Any CPU.Build.0 = Debug|Any CPU
		{0CE1358F-C3FB-CD12-C93B-EEBBBBE3A9FC}.Release|Any CPU.ActiveCfg = Release|Any CPU
		{0CE1358F-C3FB-CD12-C93B-EEBBBBE3A9FC}.Release|Any CPU.Build.0 = Release|Any CPU
	EndGlobalSection
	GlobalSection(SolutionProperties) = preSolution
		HideSolutionNode = FALSE
	EndGlobalSection
	GlobalSection(ExtensibilityGlobals) = postSolution
		SolutionGuid = {B7040A62-2352-4753-BAB0-A39072D3B3EB}
	EndGlobalSection
EndGlobal
